<?xml version="1.0" encoding="utf-8"?>
<Project ToolsVersion="4.0" xmlns="http://schemas.microsoft.com/developer/msbuild/2003">
  <ItemGroup>
    <Filter Include="Source Files">
      <UniqueIdentifier>{4FC737F1-C7A5-4376-A066-2A32D752A2FF}</UniqueIdentifier>
      <Extensions>cpp;c;cc;cxx;def;odl;idl;hpj;bat;asm;asmx</Extensions>
    </Filter>
    <Filter Include="Header Files">
      <UniqueIdentifier>{93995380-89BD-4b04-88EB-625FBE52EBFB}</UniqueIdentifier>
      <Extensions>h;hpp;hxx;hm;inl;inc;xsd</Extensions>
    </Filter>
    <Filter Include="Resource Files">
      <UniqueIdentifier>{67DA6AB6-F800-4c08-8B7A-83BB121AAD01}</UniqueIdentifier>
      <Extensions>rc;ico;cur;bmp;dlg;rc2;rct;bin;rgs;gif;jpg;jpeg;jpe;resx;tiff;tif;png;wav;mfcribbon-ms</Extensions>
    </Filter>
    <Filter Include="CUDA Sources">
      <UniqueIdentifier>{89c53239-0cd7-485e-871f-774cfa9ad532}</UniqueIdentifier>
    </Filter>
  </ItemGroup>
  <ItemGroup>
    <Text Include="ReadMe.txt" />
  </ItemGroup>
  <ItemGroup>
    <ClInclude Include="cll.h">
      <Filter>Header Files</Filter>
    </ClInclude>
    <ClInclude Include="eos.h">
      <Filter>Header Files</Filter>
    </ClInclude>
    <ClInclude Include="fld.h">
      <Filter>Header Files</Filter>
    </ClInclude>
    <ClInclude Include="hdo.h">
      <Filter>Header Files</Filter>
    </ClInclude>
    <ClInclude Include="ic.h">
      <Filter>Header Files</Filter>
    </ClInclude>
    <ClInclude Include="inc.h">
      <Filter>Header Files</Filter>
    </ClInclude>
    <ClInclude Include="rmn.h">
      <Filter>Header Files</Filter>
    </ClInclude>
    <ClInclude Include="s95p.h">
      <Filter>Header Files</Filter>
    </ClInclude>
    <ClInclude Include="trancoeff.h">
      <Filter>Header Files</Filter>
    </ClInclude>
    <ClInclude Include="unistd.h">
      <Filter>Header Files</Filter>
    </ClInclude>
    <ClInclude Include="cornelius.h">
      <Filter>Header Files</Filter>
    </ClInclude>
    <ClInclude Include="eo1.h">
      <Filter>Header Files</Filter>
    </ClInclude>
    <ClInclude Include="eo3.h">
      <Filter>Header Files</Filter>
    </ClInclude>
    <ClInclude Include="eoAZH.h">
      <Filter>Header Files</Filter>
    </ClInclude>
    <ClInclude Include="eoChiral.h">
      <Filter>Header Files</Filter>
    </ClInclude>
    <ClInclude Include="eoHadron.h">
      <Filter>Header Files</Filter>
    </ClInclude>
    <ClInclude Include="icGlauber.h">
      <Filter>Header Files</Filter>
    </ClInclude>
    <ClInclude Include="icGubser.h">
      <Filter>Header Files</Filter>
    </ClInclude>
    <ClInclude Include="ickw.h">
      <Filter>Header Files</Filter>
    </ClInclude>
    <ClInclude Include="icPartUrqmd.h">
      <Filter>Header Files</Filter>
    </ClInclude>
    <ClInclude Include="icurqmd.h">
      <Filter>Header Files</Filter>
    </ClInclude>
    <ClInclude Include="SplineFunction.h">
      <Filter>Header Files</Filter>
    </ClInclude>
    <ClInclude Include="eoSimpleSpline.h">
      <Filter>Header Files</Filter>
    </ClInclude>
    <ClInclude Include="eosuQGP.h">
      <Filter>Header Files</Filter>
    </ClInclude>
    <ClInclude Include="icGlauberMC.h">
      <Filter>Header Files</Filter>
    </ClInclude>
    <ClInclude Include="MersenneTwister.h">
      <Filter>Header Files</Filter>
    </ClInclude>
    <ClInclude Include="photons.h">
      <Filter>Header Files</Filter>
    </ClInclude>
    <ClInclude Include="NumericalIntegration.h">
      <Filter>Header Files</Filter>
    </ClInclude>
    <ClInclude Include="icBjorken.h">
      <Filter>Header Files</Filter>
    </ClInclude>
    <ClInclude Include="eosLinearCombination.h">
      <Filter>Header Files</Filter>
    </ClInclude>
    <ClInclude Include="dileptons.h">
      <Filter>Header Files</Filter>
    </ClInclude>
    <ClInclude Include="eosLinearCombinationTable.h">
      <Filter>Header Files</Filter>
    </ClInclude>
    <ClInclude Include="photonsCUDA.h">
      <Filter>Header Files</Filter>
    </ClInclude>
  </ItemGroup>
  <ItemGroup>
    <ClCompile Include="cll.cpp">
      <Filter>Source Files</Filter>
    </ClCompile>
    <ClCompile Include="eos.cpp">
      <Filter>Source Files</Filter>
    </ClCompile>
    <ClCompile Include="fld.cpp">
      <Filter>Source Files</Filter>
    </ClCompile>
    <ClCompile Include="hdo.cpp">
      <Filter>Source Files</Filter>
    </ClCompile>
    <ClCompile Include="ic.cpp">
      <Filter>Source Files</Filter>
    </ClCompile>
    <ClCompile Include="rmn.cpp">
      <Filter>Source Files</Filter>
    </ClCompile>
    <ClCompile Include="s95p.cpp">
      <Filter>Source Files</Filter>
    </ClCompile>
    <ClCompile Include="trancoeff.cpp">
      <Filter>Source Files</Filter>
    </ClCompile>
    <ClCompile Include="cornelius.cpp">
      <Filter>Source Files</Filter>
    </ClCompile>
    <ClCompile Include="eo1.cpp">
      <Filter>Source Files</Filter>
    </ClCompile>
    <ClCompile Include="eo3.cpp">
      <Filter>Source Files</Filter>
    </ClCompile>
    <ClCompile Include="eoAZH.cpp">
      <Filter>Source Files</Filter>
    </ClCompile>
    <ClCompile Include="eoChiral.cpp">
      <Filter>Source Files</Filter>
    </ClCompile>
    <ClCompile Include="eoHadron.cpp">
      <Filter>Source Files</Filter>
    </ClCompile>
    <ClCompile Include="icGlauber.cpp">
      <Filter>Source Files</Filter>
    </ClCompile>
    <ClCompile Include="icGubser.cpp">
      <Filter>Source Files</Filter>
    </ClCompile>
    <ClCompile Include="ickw.cpp">
      <Filter>Source Files</Filter>
    </ClCompile>
    <ClCompile Include="icPartUrqmd.cpp">
      <Filter>Source Files</Filter>
    </ClCompile>
    <ClCompile Include="icurqmd.cpp">
      <Filter>Source Files</Filter>
    </ClCompile>
    <ClCompile Include="eoSimpleSpline.cpp">
      <Filter>Source Files</Filter>
    </ClCompile>
    <ClCompile Include="eosuQGP.cpp">
      <Filter>Source Files</Filter>
    </ClCompile>
    <ClCompile Include="icGlauberMC.cpp">
      <Filter>Source Files</Filter>
    </ClCompile>
    <ClCompile Include="photons.cpp">
      <Filter>Source Files</Filter>
    </ClCompile>
    <ClCompile Include="NumericalIntegration.cpp">
      <Filter>Source Files</Filter>
    </ClCompile>
    <ClCompile Include="icBjorken.cpp">
      <Filter>Source Files</Filter>
    </ClCompile>
    <ClCompile Include="eosLinearCombination.cpp">
      <Filter>Source Files</Filter>
    </ClCompile>
    <ClCompile Include="dileptons.cpp">
      <Filter>Source Files</Filter>
    </ClCompile>
    <ClCompile Include="eosLinearCombinationTable.cpp">
      <Filter>Source Files</Filter>
    </ClCompile>
    <ClCompile Include="photonsCUDA.cpp">
      <Filter>Source Files</Filter>
    </ClCompile>
  </ItemGroup>
  <ItemGroup>
    <CudaCompile Include="photonsCUDA.cu">
      <Filter>CUDA Sources</Filter>
    </CudaCompile>
  </ItemGroup>
</Project>